
Microsoft Visual Studio Solution File, Format Version 12.00
# Visual Studio 15
VisualStudioVersion = 15.0.28307.168
MinimumVisualStudioVersion = 10.0.40219.1
Project("{FAE04EC0-301F-11D3-BF4B-00C04F79EFBC}") = "OrganizerWebApp", "OrganizerWebApp\OrganizerWebApp.csproj", "{FECA00C7-C249-4F0D-832A-D45BF6993C2E}"
EndProject
Global
	GlobalSection(SolutionConfigurationPlatforms) = preSolution
		Debug|Any CPU = Debug|Any CPU
		Release|Any CPU = Release|Any CPU
	EndGlobalSection
	GlobalSection(ProjectConfigurationPlatforms) = postSolution
		{FECA00C7-C249-4F0D-832A-D45BF6993C2E}.Debug|Any CPU.ActiveCfg = Debug|Any CPU
		{FECA00C7-C249-4F0D-832A-D45BF6993C2E}.Debug|Any CPU.Build.0 = Debug|Any CPU
		{FECA00C7-C249-4F0D-832A-D45BF6993C2E}.Release|Any CPU.ActiveCfg = Release|Any CPU
		{FECA00C7-C249-4F0D-832A-D45BF6993C2E}.Release|Any CPU.Build.0 = Release|Any CPU
	EndGlobalSection
	GlobalSection(SolutionProperties) = preSolution
		HideSolutionNode = FALSE
	EndGlobalSection
	GlobalSection(ExtensibilityGlobals) = postSolution
		SolutionGuid = {38C4DCF5-44C5-49FA-8337-EC6270A5D6DF}
	EndGlobalSection
EndGlobal
